// !$*UTF8*$!
{
	archiveVersion = 1;
	classes = {
	};
	objectVersion = 56;
	objects = {

/* Begin PBXBuildFile section */
		294D4BF72A7FDC3000A4AC21 /* Task_ManagementApp.swift in Sources */ = {isa = PBXBuildFile; fileRef = 294D4BF62A7FDC3000A4AC21 /* Task_ManagementApp.swift */; };
		294D4BF92A7FDC3000A4AC21 /* ContentView.swift in Sources */ = {isa = PBXBuildFile; fileRef = 294D4BF82A7FDC3000A4AC21 /* ContentView.swift */; };
		294D4BFD2A7FDC3300A4AC21 /* Assets.xcassets in Resources */ = {isa = PBXBuildFile; fileRef = 294D4BFC2A7FDC3300A4AC21 /* Assets.xcassets */; };
		294D4C002A7FDC3300A4AC21 /* Preview Assets.xcassets in Resources */ = {isa = PBXBuildFile; fileRef = 294D4BFF2A7FDC3300A4AC21 /* Preview Assets.xcassets */; };
		294D4C082A7FDC7C00A4AC21 /* Task.swift in Sources */ = {isa = PBXBuildFile; fileRef = 294D4C072A7FDC7C00A4AC21 /* Task.swift */; };
		294D4C0A2A7FDE4D00A4AC21 /* Extensions.swift in Sources */ = {isa = PBXBuildFile; fileRef = 294D4C092A7FDE4D00A4AC21 /* Extensions.swift */; };
		294D4C102A7FE0F500A4AC21 /* Home.swift in Sources */ = {isa = PBXBuildFile; fileRef = 294D4C0F2A7FE0F500A4AC21 /* Home.swift */; };
/* End PBXBuildFile section */

/* Begin PBXFileReference section */
		294D4BF32A7FDC3000A4AC21 /* Task Management.app */ = {isa = PBXFileReference; explicitFileType = wrapper.application; includeInIndex = 0; path = "Task Management.app"; sourceTree = BUILT_PRODUCTS_DIR; };
		294D4BF62A7FDC3000A4AC21 /* Task_ManagementApp.swift */ = {isa = PBXFileReference; lastKnownFileType = sourcecode.swift; path = Task_ManagementApp.swift; sourceTree = "<group>"; };
		294D4BF82A7FDC3000A4AC21 /* ContentView.swift */ = {isa = PBXFileReference; lastKnownFileType = sourcecode.swift; path = ContentView.swift; sourceTree = "<group>"; };
		294D4BFC2A7FDC3300A4AC21 /* Assets.xcassets */ = {isa = PBXFileReference; lastKnownFileType = folder.assetcatalog; path = Assets.xcassets; sourceTree = "<group>"; };
		294D4BFF2A7FDC3300A4AC21 /* Preview Assets.xcassets */ = {isa = PBXFileReference; lastKnownFileType = folder.assetcatalog; path = "Preview Assets.xcassets"; sourceTree = "<group>"; };
		294D4C072A7FDC7C00A4AC21 /* Task.swift */ = {isa = PBXFileReference; lastKnownFileType = sourcecode.swift; path = Task.swift; sourceTree = "<group>"; };
		294D4C092A7FDE4D00A4AC21 /* Extensions.swift */ = {isa = PBXFileReference; lastKnownFileType = sourcecode.swift; path = Extensions.swift; sourceTree = "<group>"; };
		294D4C0F2A7FE0F500A4AC21 /* Home.swift */ = {isa = PBXFileReference; lastKnownFileType = sourcecode.swift; path = Home.swift; sourceTree = "<group>"; };
/* End PBXFileReference section */

/* Begin PBXFrameworksBuildPhase section */
		294D4BF02A7FDC3000A4AC21 /* Frameworks */ = {
			isa = PBXFrameworksBuildPhase;
			buildActionMask = 2147483647;
			files = (
			);
			runOnlyForDeploymentPostprocessing = 0;
		};
/* End PBXFrameworksBuildPhase section */

/* Begin PBXGroup section */
		294D4BEA2A7FDC3000A4AC21 = {
			isa = PBXGroup;
			children = (
				294D4BF52A7FDC3000A4AC21 /* Task Management */,
				294D4BF42A7FDC3000A4AC21 /* Products */,
			);
			sourceTree = "<group>";
		};
		294D4BF42A7FDC3000A4AC21 /* Products */ = {
			isa = PBXGroup;
			children = (
				294D4BF32A7FDC3000A4AC21 /* Task Management.app */,
			);
			name = Products;
			sourceTree = "<group>";
		};
		294D4BF52A7FDC3000A4AC21 /* Task Management */ = {
			isa = PBXGroup;
			children = (
				294D4C092A7FDE4D00A4AC21 /* Extensions.swift */,
				294D4C062A7FDC7600A4AC21 /* Model */,
				294D4C0C2A7FE0D600A4AC21 /* View */,
				294D4BF62A7FDC3000A4AC21 /* Task_ManagementApp.swift */,
				294D4BF82A7FDC3000A4AC21 /* ContentView.swift */,
				294D4BFC2A7FDC3300A4AC21 /* Assets.xcassets */,
				294D4BFE2A7FDC3300A4AC21 /* Preview Content */,
			);
			path = "Task Management";
			sourceTree = "<group>";
		};
		294D4BFE2A7FDC3300A4AC21 /* Preview Content */ = {
			isa = PBXGroup;
			children = (
				294D4BFF2A7FDC3300A4AC21 /* Preview Assets.xcassets */,
			);
			path = "Preview Content";
			sourceTree = "<group>";
		};
		294D4C062A7FDC7600A4AC21 /* Model */ = {
			isa = PBXGroup;
			children = (
				294D4C072A7FDC7C00A4AC21 /* Task.swift */,
			);
			path = Model;
			sourceTree = "<group>";
		};
		294D4C0C2A7FE0D600A4AC21 /* View */ = {
			isa = PBXGroup;
			children = (
				294D4C0F2A7FE0F500A4AC21 /* Home.swift */,
			);
			path = View;
			sourceTree = "<group>";
		};
/* End PBXGroup section */

/* Begin PBXNativeTarget section */
		294D4BF22A7FDC3000A4AC21 /* Task Management */ = {
			isa = PBXNativeTarget;
			buildConfigurationList = 294D4C032A7FDC3300A4AC21 /* Build configuration list for PBXNativeTarget "Task Management" */;
			buildPhases = (
				294D4BEF2A7FDC3000A4AC21 /* Sources */,
				294D4BF02A7FDC3000A4AC21 /* Frameworks */,
				294D4BF12A7FDC3000A4AC21 /* Resources */,
			);
			buildRules = (
			);
			dependencies = (
			);
			name = "Task Management";
			productName = "Task Management";
			productReference = 294D4BF32A7FDC3000A4AC21 /* Task Management.app */;
			productType = "com.apple.product-type.application";
		};
/* End PBXNativeTarget section */

/* Begin PBXProject section */
		294D4BEB2A7FDC3000A4AC21 /* Project object */ = {
			isa = PBXProject;
			attributes = {
				BuildIndependentTargetsInParallel = 1;
				LastSwiftUpdateCheck = 1500;
				LastUpgradeCheck = 1500;
				TargetAttributes = {
					294D4BF22A7FDC3000A4AC21 = {
						CreatedOnToolsVersion = 15.0;
					};
				};
			};
			buildConfigurationList = 294D4BEE2A7FDC3000A4AC21 /* Build configuration list for PBXProject "Task Management" */;
			compatibilityVersion = "Xcode 14.0";
			developmentRegion = en;
			hasScannedForEncodings = 0;
			knownRegions = (
				en,
				Base,
			);
			mainGroup = 294D4BEA2A7FDC3000A4AC21;
			productRefGroup = 294D4BF42A7FDC3000A4AC21 /* Products */;
			projectDirPath = "";
			projectRoot = "";
			targets = (
				294D4BF22A7FDC3000A4AC21 /* Task Management */,
			);
		};
/* End PBXProject section */

/* Begin PBXResourcesBuildPhase section */
		294D4BF12A7FDC3000A4AC21 /* Resources */ = {
			isa = PBXResourcesBuildPhase;
			buildActionMask = 2147483647;
			files = (
				294D4C002A7FDC3300A4AC21 /* Preview Assets.xcassets in Resources */,
				294D4BFD2A7FDC3300A4AC21 /* Assets.xcassets in Resources */,
			);
			runOnlyForDeploymentPostprocessing = 0;
		};
/* End PBXResourcesBuildPhase section */

/* Begin PBXSourcesBuildPhase section */
		294D4BEF2A7FDC3000A4AC21 /* Sources */ = {
			isa = PBXSourcesBuildPhase;
			buildActionMask = 2147483647;
			files = (
				294D4C0A2A7FDE4D00A4AC21 /* Extensions.swift in Sources */,
				294D4C082A7FDC7C00A4AC21 /* Task.swift in Sources */,
				294D4BF92A7FDC3000A4AC21 /* ContentView.swift in Sources */,
				294D4C102A7FE0F500A4AC21 /* Home.swift in Sources */,
				294D4BF72A7FDC3000A4AC21 /* Task_ManagementApp.swift in Sources */,
			);
			runOnlyForDeploymentPostprocessing = 0;
		};
/* End PBXSourcesBuildPhase section */

/* Begin XCBuildConfiguration section */
		294D4C012A7FDC3300A4AC21 /* Debug */ = {
			isa = XCBuildConfiguration;
			buildSettings = {
				ALWAYS_SEARCH_USER_PATHS = NO;
				ASSETCATALOG_COMPILER_GENERATE_SWIFT_ASSET_SYMBOL_EXTENSIONS = YES;
				CLANG_ANALYZER_NONNULL = YES;
				CLANG_ANALYZER_NUMBER_OBJECT_CONVERSION = YES_AGGRESSIVE;
				CLANG_CXX_LANGUAGE_STANDARD = "gnu++20";
				CLANG_ENABLE_MODULES = YES;
				CLANG_ENABLE_OBJC_ARC = YES;
				CLANG_ENABLE_OBJC_WEAK = YES;
				CLANG_WARN_BLOCK_CAPTURE_AUTORELEASING = YES;
				CLANG_WARN_BOOL_CONVERSION = YES;
				CLANG_WARN_COMMA = YES;
				CLANG_WARN_CONSTANT_CONVERSION = YES;
				CLANG_WARN_DEPRECATED_OBJC_IMPLEMENTATIONS = YES;
				CLANG_WARN_DIRECT_OBJC_ISA_USAGE = YES_ERROR;
				CLANG_WARN_DOCUMENTATION_COMMENTS = YES;
				CLANG_WARN_EMPTY_BODY = YES;
				CLANG_WARN_ENUM_CONVERSION = YES;
				CLANG_WARN_INFINITE_RECURSION = YES;
				CLANG_WARN_INT_CONVERSION = YES;
				CLANG_WARN_NON_LITERAL_NULL_CONVERSION = YES;
				CLANG_WARN_OBJC_IMPLICIT_RETAIN_SELF = YES;
				CLANG_WARN_OBJC_LITERAL_CONVERSION = YES;
				CLANG_WARN_OBJC_ROOT_CLASS = YES_ERROR;
				CLANG_WARN_QUOTED_INCLUDE_IN_FRAMEWORK_HEADER = YES;
				CLANG_WARN_RANGE_LOOP_ANALYSIS = YES;
				CLANG_WARN_STRICT_PROTOTYPES = YES;
				CLANG_WARN_SUSPICIOUS_MOVE = YES;
				CLANG_WARN_UNGUARDED_AVAILABILITY = YES_AGGRESSIVE;
				CLANG_WARN_UNREACHABLE_CODE = YES;
				CLANG_WARN__DUPLICATE_METHOD_MATCH = YES;
				COPY_PHASE_STRIP = NO;
				DEBUG_INFORMATION_FORMAT = dwarf;
				ENABLE_STRICT_OBJC_MSGSEND = YES;
				ENABLE_TESTABILITY = YES;
				ENABLE_USER_SCRIPT_SANDBOXING = YES;
				GCC_C_LANGUAGE_STANDARD = gnu17;
				GCC_DYNAMIC_NO_PIC = NO;
				GCC_NO_COMMON_BLOCKS = YES;
				GCC_OPTIMIZATION_LEVEL = 0;
				GCC_PREPROCESSOR_DEFINITIONS = (
					"DEBUG=1",
					"$(inherited)",
				);
				GCC_WARN_64_TO_32_BIT_CONVERSION = YES;
				GCC_WARN_ABOUT_RETURN_TYPE = YES_ERROR;
				GCC_WARN_UNDECLARED_SELECTOR = YES;
				GCC_WARN_UNINITIALIZED_AUTOS = YES_AGGRESSIVE;
				GCC_WARN_UNUSED_FUNCTION = YES;
				GCC_WARN_UNUSED_VARIABLE = YES;
				IPHONEOS_DEPLOYMENT_TARGET = 17.0;
				LOCALIZATION_PREFERS_STRING_CATALOGS = YES;
				MTL_ENABLE_DEBUG_INFO = INCLUDE_SOURCE;
				MTL_FAST_MATH = YES;
				ONLY_ACTIVE_ARCH = YES;
				SDKROOT = iphoneos;
				SWIFT_ACTIVE_COMPILATION_CONDITIONS = "DEBUG $(inherited)";
				SWIFT_OPTIMIZATION_LEVEL = "-Onone";
			};
			name = Debug;
		};
		294D4C022A7FDC3300A4AC21 /* Release */ = {
			isa = XCBuildConfiguration;
			buildSettings = {
				ALWAYS_SEARCH_USER_PATHS = NO;
				ASSETCATALOG_COMPILER_GENERATE_SWIFT_ASSET_SYMBOL_EXTENSIONS = YES;
				CLANG_ANALYZER_NONNULL = YES;
				CLANG_ANALYZER_NUMBER_OBJECT_CONVERSION = YES_AGGRESSIVE;
				CLANG_CXX_LANGUAGE_STANDARD = "gnu++20";
				CLANG_ENABLE_MODULES = YES;
				CLANG_ENABLE_OBJC_ARC = YES;
				CLANG_ENABLE_OBJC_WEAK = YES;
				CLANG_WARN_BLOCK_CAPTURE_AUTORELEASING = YES;
				CLANG_WARN_BOOL_CONVERSION = YES;
				CLANG_WARN_COMMA = YES;
				CLANG_WARN_CONSTANT_CONVERSION = YES;
				CLANG_WARN_DEPRECATED_OBJC_IMPLEMENTATIONS = YES;
				CLANG_WARN_DIRECT_OBJC_ISA_USAGE = YES_ERROR;
				CLANG_WARN_DOCUMENTATION_COMMENTS = YES;
				CLANG_WARN_EMPTY_BODY = YES;
				CLANG_WARN_ENUM_CONVERSION = YES;
				CLANG_WARN_INFINITE_RECURSION = YES;
				CLANG_WARN_INT_CONVERSION = YES;
				CLANG_WARN_NON_LITERAL_NULL_CONVERSION = YES;
				CLANG_WARN_OBJC_IMPLICIT_RETAIN_SELF = YES;
				CLANG_WARN_OBJC_LITERAL_CONVERSION = YES;
				CLANG_WARN_OBJC_ROOT_CLASS = YES_ERROR;
				CLANG_WARN_QUOTED_INCLUDE_IN_FRAMEWORK_HEADER = YES;
				CLANG_WARN_RANGE_LOOP_ANALYSIS = YES;
				CLANG_WARN_STRICT_PROTOTYPES = YES;
				CLANG_WARN_SUSPICIOUS_MOVE = YES;
				CLANG_WARN_UNGUARDED_AVAILABILITY = YES_AGGRESSIVE;
				CLANG_WARN_UNREACHABLE_CODE = YES;
				CLANG_WARN__DUPLICATE_METHOD_MATCH = YES;
				COPY_PHASE_STRIP = NO;
				DEBUG_INFORMATION_FORMAT = "dwarf-with-dsym";
				ENABLE_NS_ASSERTIONS = NO;
				ENABLE_STRICT_OBJC_MSGSEND = YES;
				ENABLE_USER_SCRIPT_SANDBOXING = YES;
				GCC_C_LANGUAGE_STANDARD = gnu17;
				GCC_NO_COMMON_BLOCKS = YES;
				GCC_WARN_64_TO_32_BIT_CONVERSION = YES;
				GCC_WARN_ABOUT_RETURN_TYPE = YES_ERROR;
				GCC_WARN_UNDECLARED_SELECTOR = YES;
				GCC_WARN_UNINITIALIZED_AUTOS = YES_AGGRESSIVE;
				GCC_WARN_UNUSED_FUNCTION = YES;
				GCC_WARN_UNUSED_VARIABLE = YES;
				IPHONEOS_DEPLOYMENT_TARGET = 17.0;
				LOCALIZATION_PREFERS_STRING_CATALOGS = YES;
				MTL_ENABLE_DEBUG_INFO = NO;
				MTL_FAST_MATH = YES;
				SDKROOT = iphoneos;
				SWIFT_COMPILATION_MODE = wholemodule;
				VALIDATE_PRODUCT = YES;
			};
			name = Release;
		};
		294D4C042A7FDC3300A4AC21 /* Debug */ = {
			isa = XCBuildConfiguration;
			buildSettings = {
				ASSETCATALOG_COMPILER_APPICON_NAME = AppIcon;
				ASSETCATALOG_COMPILER_GLOBAL_ACCENT_COLOR_NAME = AccentColor;
				CODE_SIGN_STYLE = Automatic;
				CURRENT_PROJECT_VERSION = 1;
				DEVELOPMENT_ASSET_PATHS = "\"Task Management/Preview Content\"";
				DEVELOPMENT_TEAM = 8TA5C5ASM9;
				ENABLE_PREVIEWS = YES;
				GENERATE_INFOPLIST_FILE = YES;
				INFOPLIST_KEY_UIApplicationSceneManifest_Generation = YES;
				INFOPLIST_KEY_UIApplicationSupportsIndirectInputEvents = YES;
				INFOPLIST_KEY_UILaunchScreen_Generation = YES;
				INFOPLIST_KEY_UISupportedInterfaceOrientations_iPad = "UIInterfaceOrientationPortrait UIInterfaceOrientationPortraitUpsideDown UIInterfaceOrientationLandscapeLeft UIInterfaceOrientationLandscapeRight";
				INFOPLIST_KEY_UISupportedInterfaceOrientations_iPhone = "UIInterfaceOrientationPortrait UIInterfaceOrientationLandscapeLeft UIInterfaceOrientationLandscapeRight";
				LD_RUNPATH_SEARCH_PATHS = (
					"$(inherited)",
					"@executable_path/Frameworks",
				);
				MARKETING_VERSION = 1.0;
				PRODUCT_BUNDLE_IDENTIFIER = "me.jiaxin.Task-Management";
				PRODUCT_NAME = "$(TARGET_NAME)";
				SWIFT_EMIT_LOC_STRINGS = YES;
				SWIFT_VERSION = 5.0;
				TARGETED_DEVICE_FAMILY = "1,2";
			};
			name = Debug;
		};
		294D4C052A7FDC3300A4AC21 /* Release */ = {
			isa = XCBuildConfiguration;
			buildSettings = {
				ASSETCATALOG_COMPILER_APPICON_NAME = AppIcon;
				ASSETCATALOG_COMPILER_GLOBAL_ACCENT_COLOR_NAME = AccentColor;
				CODE_SIGN_STYLE = Automatic;
				CURRENT_PROJECT_VERSION = 1;
				DEVELOPMENT_ASSET_PATHS = "\"Task Management/Preview Content\"";
				DEVELOPMENT_TEAM = 8TA5C5ASM9;
				ENABLE_PREVIEWS = YES;
				GENERATE_INFOPLIST_FILE = YES;
				INFOPLIST_KEY_UIApplicationSceneManifest_Generation = YES;
				INFOPLIST_KEY_UIApplicationSupportsIndirectInputEvents = YES;
				INFOPLIST_KEY_UILaunchScreen_Generation = YES;
				INFOPLIST_KEY_UISupportedInterfaceOrientations_iPad = "UIInterfaceOrientationPortrait UIInterfaceOrientationPortraitUpsideDown UIInterfaceOrientationLandscapeLeft UIInterfaceOrientationLandscapeRight";
				INFOPLIST_KEY_UISupportedInterfaceOrientations_iPhone = "UIInterfaceOrientationPortrait UIInterfaceOrientationLandscapeLeft UIInterfaceOrientationLandscapeRight";
				LD_RUNPATH_SEARCH_PATHS = (
					"$(inherited)",
					"@executable_path/Frameworks",
				);
				MARKETING_VERSION = 1.0;
				PRODUCT_BUNDLE_IDENTIFIER = "me.jiaxin.Task-Management";
				PRODUCT_NAME = "$(TARGET_NAME)";
				SWIFT_EMIT_LOC_STRINGS = YES;
				SWIFT_VERSION = 5.0;
				TARGETED_DEVICE_FAMILY = "1,2";
			};
			name = Release;
		};
/* End XCBuildConfiguration section */

/* Begin XCConfigurationList section */
		294D4BEE2A7FDC3000A4AC21 /* Build configuration list for PBXProject "Task Management" */ = {
			isa = XCConfigurationList;
			buildConfigurations = (
				294D4C012A7FDC3300A4AC21 /* Debug */,
				294D4C022A7FDC3300A4AC21 /* Release */,
			);
			defaultConfigurationIsVisible = 0;
			defaultConfigurationName = Release;
		};
		294D4C032A7FDC3300A4AC21 /* Build configuration list for PBXNativeTarget "Task Management" */ = {
			isa = XCConfigurationList;
			buildConfigurations = (
				294D4C042A7FDC3300A4AC21 /* Debug */,
				294D4C052A7FDC3300A4AC21 /* Release */,
			);
			defaultConfigurationIsVisible = 0;
			defaultConfigurationName = Release;
		};
/* End XCConfigurationList section */
	};
	rootObject = 294D4BEB2A7FDC3000A4AC21 /* Project object */;
}
