// !$*UTF8*$!
{
	archiveVersion = 1;
	classes = {
	};
	objectVersion = 56;
	objects = {

/* Begin PBXBuildFile section */
		2949B0312A2374DE00B2BEAF /* GooeyShareButtonApp.swift in Sources */ = {isa = PBXBuildFile; fileRef = 2949B0302A2374DE00B2BEAF /* GooeyShareButtonApp.swift */; };
		2949B0332A2374DE00B2BEAF /* ContentView.swift in Sources */ = {isa = PBXBuildFile; fileRef = 2949B0322A2374DE00B2BEAF /* ContentView.swift */; };
		2949B0352A2374DF00B2BEAF /* Assets.xcassets in Resources */ = {isa = PBXBuildFile; fileRef = 2949B0342A2374DF00B2BEAF /* Assets.xcassets */; };
		2949B0382A2374DF00B2BEAF /* Preview Assets.xcassets in Resources */ = {isa = PBXBuildFile; fileRef = 2949B0372A2374DF00B2BEAF /* Preview Assets.xcassets */; };
		2949B0442A2375D900B2BEAF /* Home.swift in Sources */ = {isa = PBXBuildFile; fileRef = 2949B0432A2375D900B2BEAF /* Home.swift */; };
		2949B0462A23881100B2BEAF /* ShapeMorphingView.swift in Sources */ = {isa = PBXBuildFile; fileRef = 2949B0452A23881100B2BEAF /* ShapeMorphingView.swift */; };
		2949B0492A238B6E00B2BEAF /* AnimationProgress.swift in Sources */ = {isa = PBXBuildFile; fileRef = 2949B0482A238B6E00B2BEAF /* AnimationProgress.swift */; };
/* End PBXBuildFile section */

/* Begin PBXFileReference section */
		2949B02D2A2374DE00B2BEAF /* GooeyShareButton.app */ = {isa = PBXFileReference; explicitFileType = wrapper.application; includeInIndex = 0; path = GooeyShareButton.app; sourceTree = BUILT_PRODUCTS_DIR; };
		2949B0302A2374DE00B2BEAF /* GooeyShareButtonApp.swift */ = {isa = PBXFileReference; lastKnownFileType = sourcecode.swift; path = GooeyShareButtonApp.swift; sourceTree = "<group>"; };
		2949B0322A2374DE00B2BEAF /* ContentView.swift */ = {isa = PBXFileReference; lastKnownFileType = sourcecode.swift; path = ContentView.swift; sourceTree = "<group>"; };
		2949B0342A2374DF00B2BEAF /* Assets.xcassets */ = {isa = PBXFileReference; lastKnownFileType = folder.assetcatalog; path = Assets.xcassets; sourceTree = "<group>"; };
		2949B0372A2374DF00B2BEAF /* Preview Assets.xcassets */ = {isa = PBXFileReference; lastKnownFileType = folder.assetcatalog; path = "Preview Assets.xcassets"; sourceTree = "<group>"; };
		2949B0432A2375D900B2BEAF /* Home.swift */ = {isa = PBXFileReference; lastKnownFileType = sourcecode.swift; path = Home.swift; sourceTree = "<group>"; };
		2949B0452A23881100B2BEAF /* ShapeMorphingView.swift */ = {isa = PBXFileReference; lastKnownFileType = sourcecode.swift; path = ShapeMorphingView.swift; sourceTree = "<group>"; };
		2949B0482A238B6E00B2BEAF /* AnimationProgress.swift */ = {isa = PBXFileReference; lastKnownFileType = sourcecode.swift; path = AnimationProgress.swift; sourceTree = "<group>"; };
/* End PBXFileReference section */

/* Begin PBXFrameworksBuildPhase section */
		2949B02A2A2374DE00B2BEAF /* Frameworks */ = {
			isa = PBXFrameworksBuildPhase;
			buildActionMask = 2147483647;
			files = (
			);
			runOnlyForDeploymentPostprocessing = 0;
		};
/* End PBXFrameworksBuildPhase section */

/* Begin PBXGroup section */
		2949B0242A2374DE00B2BEAF = {
			isa = PBXGroup;
			children = (
				2949B02F2A2374DE00B2BEAF /* GooeyShareButton */,
				2949B02E2A2374DE00B2BEAF /* Products */,
			);
			sourceTree = "<group>";
		};
		2949B02E2A2374DE00B2BEAF /* Products */ = {
			isa = PBXGroup;
			children = (
				2949B02D2A2374DE00B2BEAF /* GooeyShareButton.app */,
			);
			name = Products;
			sourceTree = "<group>";
		};
		2949B02F2A2374DE00B2BEAF /* GooeyShareButton */ = {
			isa = PBXGroup;
			children = (
				2949B0472A238B5700B2BEAF /* Helper */,
				2949B03E2A2375B300B2BEAF /* View */,
				2949B0302A2374DE00B2BEAF /* GooeyShareButtonApp.swift */,
				2949B0322A2374DE00B2BEAF /* ContentView.swift */,
				2949B0342A2374DF00B2BEAF /* Assets.xcassets */,
				2949B0362A2374DF00B2BEAF /* Preview Content */,
			);
			path = GooeyShareButton;
			sourceTree = "<group>";
		};
		2949B0362A2374DF00B2BEAF /* Preview Content */ = {
			isa = PBXGroup;
			children = (
				2949B0372A2374DF00B2BEAF /* Preview Assets.xcassets */,
			);
			path = "Preview Content";
			sourceTree = "<group>";
		};
		2949B03E2A2375B300B2BEAF /* View */ = {
			isa = PBXGroup;
			children = (
				2949B0432A2375D900B2BEAF /* Home.swift */,
				2949B0452A23881100B2BEAF /* ShapeMorphingView.swift */,
			);
			path = View;
			sourceTree = "<group>";
		};
		2949B0472A238B5700B2BEAF /* Helper */ = {
			isa = PBXGroup;
			children = (
				2949B0482A238B6E00B2BEAF /* AnimationProgress.swift */,
			);
			path = Helper;
			sourceTree = "<group>";
		};
/* End PBXGroup section */

/* Begin PBXNativeTarget section */
		2949B02C2A2374DE00B2BEAF /* GooeyShareButton */ = {
			isa = PBXNativeTarget;
			buildConfigurationList = 2949B03B2A2374DF00B2BEAF /* Build configuration list for PBXNativeTarget "GooeyShareButton" */;
			buildPhases = (
				2949B0292A2374DE00B2BEAF /* Sources */,
				2949B02A2A2374DE00B2BEAF /* Frameworks */,
				2949B02B2A2374DE00B2BEAF /* Resources */,
			);
			buildRules = (
			);
			dependencies = (
			);
			name = GooeyShareButton;
			productName = GooeyShareButton;
			productReference = 2949B02D2A2374DE00B2BEAF /* GooeyShareButton.app */;
			productType = "com.apple.product-type.application";
		};
/* End PBXNativeTarget section */

/* Begin PBXProject section */
		2949B0252A2374DE00B2BEAF /* Project object */ = {
			isa = PBXProject;
			attributes = {
				BuildIndependentTargetsInParallel = 1;
				LastSwiftUpdateCheck = 1430;
				LastUpgradeCheck = 1430;
				TargetAttributes = {
					2949B02C2A2374DE00B2BEAF = {
						CreatedOnToolsVersion = 14.3;
					};
				};
			};
			buildConfigurationList = 2949B0282A2374DE00B2BEAF /* Build configuration list for PBXProject "GooeyShareButton" */;
			compatibilityVersion = "Xcode 14.0";
			developmentRegion = en;
			hasScannedForEncodings = 0;
			knownRegions = (
				en,
				Base,
			);
			mainGroup = 2949B0242A2374DE00B2BEAF;
			productRefGroup = 2949B02E2A2374DE00B2BEAF /* Products */;
			projectDirPath = "";
			projectRoot = "";
			targets = (
				2949B02C2A2374DE00B2BEAF /* GooeyShareButton */,
			);
		};
/* End PBXProject section */

/* Begin PBXResourcesBuildPhase section */
		2949B02B2A2374DE00B2BEAF /* Resources */ = {
			isa = PBXResourcesBuildPhase;
			buildActionMask = 2147483647;
			files = (
				2949B0382A2374DF00B2BEAF /* Preview Assets.xcassets in Resources */,
				2949B0352A2374DF00B2BEAF /* Assets.xcassets in Resources */,
			);
			runOnlyForDeploymentPostprocessing = 0;
		};
/* End PBXResourcesBuildPhase section */

/* Begin PBXSourcesBuildPhase section */
		2949B0292A2374DE00B2BEAF /* Sources */ = {
			isa = PBXSourcesBuildPhase;
			buildActionMask = 2147483647;
			files = (
				2949B0492A238B6E00B2BEAF /* AnimationProgress.swift in Sources */,
				2949B0332A2374DE00B2BEAF /* ContentView.swift in Sources */,
				2949B0442A2375D900B2BEAF /* Home.swift in Sources */,
				2949B0462A23881100B2BEAF /* ShapeMorphingView.swift in Sources */,
				2949B0312A2374DE00B2BEAF /* GooeyShareButtonApp.swift in Sources */,
			);
			runOnlyForDeploymentPostprocessing = 0;
		};
/* End PBXSourcesBuildPhase section */

/* Begin XCBuildConfiguration section */
		2949B0392A2374DF00B2BEAF /* Debug */ = {
			isa = XCBuildConfiguration;
			buildSettings = {
				ALWAYS_SEARCH_USER_PATHS = NO;
				CLANG_ANALYZER_NONNULL = YES;
				CLANG_ANALYZER_NUMBER_OBJECT_CONVERSION = YES_AGGRESSIVE;
				CLANG_CXX_LANGUAGE_STANDARD = "gnu++20";
				CLANG_ENABLE_MODULES = YES;
				CLANG_ENABLE_OBJC_ARC = YES;
				CLANG_ENABLE_OBJC_WEAK = YES;
				CLANG_WARN_BLOCK_CAPTURE_AUTORELEASING = YES;
				CLANG_WARN_BOOL_CONVERSION = YES;
				CLANG_WARN_COMMA = YES;
				CLANG_WARN_CONSTANT_CONVERSION = YES;
				CLANG_WARN_DEPRECATED_OBJC_IMPLEMENTATIONS = YES;
				CLANG_WARN_DIRECT_OBJC_ISA_USAGE = YES_ERROR;
				CLANG_WARN_DOCUMENTATION_COMMENTS = YES;
				CLANG_WARN_EMPTY_BODY = YES;
				CLANG_WARN_ENUM_CONVERSION = YES;
				CLANG_WARN_INFINITE_RECURSION = YES;
				CLANG_WARN_INT_CONVERSION = YES;
				CLANG_WARN_NON_LITERAL_NULL_CONVERSION = YES;
				CLANG_WARN_OBJC_IMPLICIT_RETAIN_SELF = YES;
				CLANG_WARN_OBJC_LITERAL_CONVERSION = YES;
				CLANG_WARN_OBJC_ROOT_CLASS = YES_ERROR;
				CLANG_WARN_QUOTED_INCLUDE_IN_FRAMEWORK_HEADER = YES;
				CLANG_WARN_RANGE_LOOP_ANALYSIS = YES;
				CLANG_WARN_STRICT_PROTOTYPES = YES;
				CLANG_WARN_SUSPICIOUS_MOVE = YES;
				CLANG_WARN_UNGUARDED_AVAILABILITY = YES_AGGRESSIVE;
				CLANG_WARN_UNREACHABLE_CODE = YES;
				CLANG_WARN__DUPLICATE_METHOD_MATCH = YES;
				COPY_PHASE_STRIP = NO;
				DEBUG_INFORMATION_FORMAT = dwarf;
				ENABLE_STRICT_OBJC_MSGSEND = YES;
				ENABLE_TESTABILITY = YES;
				GCC_C_LANGUAGE_STANDARD = gnu11;
				GCC_DYNAMIC_NO_PIC = NO;
				GCC_NO_COMMON_BLOCKS = YES;
				GCC_OPTIMIZATION_LEVEL = 0;
				GCC_PREPROCESSOR_DEFINITIONS = (
					"DEBUG=1",
					"$(inherited)",
				);
				GCC_WARN_64_TO_32_BIT_CONVERSION = YES;
				GCC_WARN_ABOUT_RETURN_TYPE = YES_ERROR;
				GCC_WARN_UNDECLARED_SELECTOR = YES;
				GCC_WARN_UNINITIALIZED_AUTOS = YES_AGGRESSIVE;
				GCC_WARN_UNUSED_FUNCTION = YES;
				GCC_WARN_UNUSED_VARIABLE = YES;
				IPHONEOS_DEPLOYMENT_TARGET = 16.4;
				MTL_ENABLE_DEBUG_INFO = INCLUDE_SOURCE;
				MTL_FAST_MATH = YES;
				ONLY_ACTIVE_ARCH = YES;
				SDKROOT = iphoneos;
				SWIFT_ACTIVE_COMPILATION_CONDITIONS = DEBUG;
				SWIFT_OPTIMIZATION_LEVEL = "-Onone";
			};
			name = Debug;
		};
		2949B03A2A2374DF00B2BEAF /* Release */ = {
			isa = XCBuildConfiguration;
			buildSettings = {
				ALWAYS_SEARCH_USER_PATHS = NO;
				CLANG_ANALYZER_NONNULL = YES;
				CLANG_ANALYZER_NUMBER_OBJECT_CONVERSION = YES_AGGRESSIVE;
				CLANG_CXX_LANGUAGE_STANDARD = "gnu++20";
				CLANG_ENABLE_MODULES = YES;
				CLANG_ENABLE_OBJC_ARC = YES;
				CLANG_ENABLE_OBJC_WEAK = YES;
				CLANG_WARN_BLOCK_CAPTURE_AUTORELEASING = YES;
				CLANG_WARN_BOOL_CONVERSION = YES;
				CLANG_WARN_COMMA = YES;
				CLANG_WARN_CONSTANT_CONVERSION = YES;
				CLANG_WARN_DEPRECATED_OBJC_IMPLEMENTATIONS = YES;
				CLANG_WARN_DIRECT_OBJC_ISA_USAGE = YES_ERROR;
				CLANG_WARN_DOCUMENTATION_COMMENTS = YES;
				CLANG_WARN_EMPTY_BODY = YES;
				CLANG_WARN_ENUM_CONVERSION = YES;
				CLANG_WARN_INFINITE_RECURSION = YES;
				CLANG_WARN_INT_CONVERSION = YES;
				CLANG_WARN_NON_LITERAL_NULL_CONVERSION = YES;
				CLANG_WARN_OBJC_IMPLICIT_RETAIN_SELF = YES;
				CLANG_WARN_OBJC_LITERAL_CONVERSION = YES;
				CLANG_WARN_OBJC_ROOT_CLASS = YES_ERROR;
				CLANG_WARN_QUOTED_INCLUDE_IN_FRAMEWORK_HEADER = YES;
				CLANG_WARN_RANGE_LOOP_ANALYSIS = YES;
				CLANG_WARN_STRICT_PROTOTYPES = YES;
				CLANG_WARN_SUSPICIOUS_MOVE = YES;
				CLANG_WARN_UNGUARDED_AVAILABILITY = YES_AGGRESSIVE;
				CLANG_WARN_UNREACHABLE_CODE = YES;
				CLANG_WARN__DUPLICATE_METHOD_MATCH = YES;
				COPY_PHASE_STRIP = NO;
				DEBUG_INFORMATION_FORMAT = "dwarf-with-dsym";
				ENABLE_NS_ASSERTIONS = NO;
				ENABLE_STRICT_OBJC_MSGSEND = YES;
				GCC_C_LANGUAGE_STANDARD = gnu11;
				GCC_NO_COMMON_BLOCKS = YES;
				GCC_WARN_64_TO_32_BIT_CONVERSION = YES;
				GCC_WARN_ABOUT_RETURN_TYPE = YES_ERROR;
				GCC_WARN_UNDECLARED_SELECTOR = YES;
				GCC_WARN_UNINITIALIZED_AUTOS = YES_AGGRESSIVE;
				GCC_WARN_UNUSED_FUNCTION = YES;
				GCC_WARN_UNUSED_VARIABLE = YES;
				IPHONEOS_DEPLOYMENT_TARGET = 16.4;
				MTL_ENABLE_DEBUG_INFO = NO;
				MTL_FAST_MATH = YES;
				SDKROOT = iphoneos;
				SWIFT_COMPILATION_MODE = wholemodule;
				SWIFT_OPTIMIZATION_LEVEL = "-O";
				VALIDATE_PRODUCT = YES;
			};
			name = Release;
		};
		2949B03C2A2374DF00B2BEAF /* Debug */ = {
			isa = XCBuildConfiguration;
			buildSettings = {
				ASSETCATALOG_COMPILER_APPICON_NAME = AppIcon;
				ASSETCATALOG_COMPILER_GLOBAL_ACCENT_COLOR_NAME = AccentColor;
				CODE_SIGN_STYLE = Automatic;
				CURRENT_PROJECT_VERSION = 1;
				DEVELOPMENT_ASSET_PATHS = "\"GooeyShareButton/Preview Content\"";
				DEVELOPMENT_TEAM = 8TA5C5ASM9;
				ENABLE_PREVIEWS = YES;
				GENERATE_INFOPLIST_FILE = YES;
				INFOPLIST_KEY_UIApplicationSceneManifest_Generation = YES;
				INFOPLIST_KEY_UIApplicationSupportsIndirectInputEvents = YES;
				INFOPLIST_KEY_UILaunchScreen_Generation = YES;
				INFOPLIST_KEY_UISupportedInterfaceOrientations_iPad = "UIInterfaceOrientationPortrait UIInterfaceOrientationPortraitUpsideDown UIInterfaceOrientationLandscapeLeft UIInterfaceOrientationLandscapeRight";
				INFOPLIST_KEY_UISupportedInterfaceOrientations_iPhone = "UIInterfaceOrientationPortrait UIInterfaceOrientationLandscapeLeft UIInterfaceOrientationLandscapeRight";
				LD_RUNPATH_SEARCH_PATHS = (
					"$(inherited)",
					"@executable_path/Frameworks",
				);
				MARKETING_VERSION = 1.0;
				PRODUCT_BUNDLE_IDENTIFIER = me.jiaxin.GooeyShareButton;
				PRODUCT_NAME = "$(TARGET_NAME)";
				SWIFT_EMIT_LOC_STRINGS = YES;
				SWIFT_VERSION = 5.0;
				TARGETED_DEVICE_FAMILY = "1,2";
			};
			name = Debug;
		};
		2949B03D2A2374DF00B2BEAF /* Release */ = {
			isa = XCBuildConfiguration;
			buildSettings = {
				ASSETCATALOG_COMPILER_APPICON_NAME = AppIcon;
				ASSETCATALOG_COMPILER_GLOBAL_ACCENT_COLOR_NAME = AccentColor;
				CODE_SIGN_STYLE = Automatic;
				CURRENT_PROJECT_VERSION = 1;
				DEVELOPMENT_ASSET_PATHS = "\"GooeyShareButton/Preview Content\"";
				DEVELOPMENT_TEAM = 8TA5C5ASM9;
				ENABLE_PREVIEWS = YES;
				GENERATE_INFOPLIST_FILE = YES;
				INFOPLIST_KEY_UIApplicationSceneManifest_Generation = YES;
				INFOPLIST_KEY_UIApplicationSupportsIndirectInputEvents = YES;
				INFOPLIST_KEY_UILaunchScreen_Generation = YES;
				INFOPLIST_KEY_UISupportedInterfaceOrientations_iPad = "UIInterfaceOrientationPortrait UIInterfaceOrientationPortraitUpsideDown UIInterfaceOrientationLandscapeLeft UIInterfaceOrientationLandscapeRight";
				INFOPLIST_KEY_UISupportedInterfaceOrientations_iPhone = "UIInterfaceOrientationPortrait UIInterfaceOrientationLandscapeLeft UIInterfaceOrientationLandscapeRight";
				LD_RUNPATH_SEARCH_PATHS = (
					"$(inherited)",
					"@executable_path/Frameworks",
				);
				MARKETING_VERSION = 1.0;
				PRODUCT_BUNDLE_IDENTIFIER = me.jiaxin.GooeyShareButton;
				PRODUCT_NAME = "$(TARGET_NAME)";
				SWIFT_EMIT_LOC_STRINGS = YES;
				SWIFT_VERSION = 5.0;
				TARGETED_DEVICE_FAMILY = "1,2";
			};
			name = Release;
		};
/* End XCBuildConfiguration section */

/* Begin XCConfigurationList section */
		2949B0282A2374DE00B2BEAF /* Build configuration list for PBXProject "GooeyShareButton" */ = {
			isa = XCConfigurationList;
			buildConfigurations = (
				2949B0392A2374DF00B2BEAF /* Debug */,
				2949B03A2A2374DF00B2BEAF /* Release */,
			);
			defaultConfigurationIsVisible = 0;
			defaultConfigurationName = Release;
		};
		2949B03B2A2374DF00B2BEAF /* Build configuration list for PBXNativeTarget "GooeyShareButton" */ = {
			isa = XCConfigurationList;
			buildConfigurations = (
				2949B03C2A2374DF00B2BEAF /* Debug */,
				2949B03D2A2374DF00B2BEAF /* Release */,
			);
			defaultConfigurationIsVisible = 0;
			defaultConfigurationName = Release;
		};
/* End XCConfigurationList section */
	};
	rootObject = 2949B0252A2374DE00B2BEAF /* Project object */;
}
